
Microsoft Visual Studio Solution File, Format Version 12.00
# Visual Studio Version 17
VisualStudioVersion = 17.3.32929.385
MinimumVisualStudioVersion = 10.0.40219.1
Project("{FAE04EC0-301F-11D3-BF4B-00C04F79EFBC}") = "LambdaExpressions", "LambdaExpressions.csproj", "{43F773C8-9C24-4CB5-A7A2-622C27AB510C}"
EndProject
Global
	GlobalSection(SolutionConfigurationPlatforms) = preSolution
		Debug|Any CPU = Debug|Any CPU
		Release|Any CPU = Release|Any CPU
	EndGlobalSection
	GlobalSection(ProjectConfigurationPlatforms) = postSolution
		{43F773C8-9C24-4CB5-A7A2-622C27AB510C}.Debug|Any CPU.ActiveCfg = Debug|Any CPU
		{43F773C8-9C24-4CB5-A7A2-622C27AB510C}.Debug|Any CPU.Build.0 = Debug|Any CPU
		{43F773C8-9C24-4CB5-A7A2-622C27AB510C}.Release|Any CPU.ActiveCfg = Release|Any CPU
		{43F773C8-9C24-4CB5-A7A2-622C27AB510C}.Release|Any CPU.Build.0 = Release|Any CPU
	EndGlobalSection
	GlobalSection(SolutionProperties) = preSolution
		HideSolutionNode = FALSE
	EndGlobalSection
	GlobalSection(ExtensibilityGlobals) = postSolution
		SolutionGuid = {EDCCA78C-9180-4E99-B12F-DC84A05E5808}
	EndGlobalSection
EndGlobal
