
Microsoft Visual Studio Solution File, Format Version 12.00
# Visual Studio Version 17
VisualStudioVersion = 17.1.32319.34
MinimumVisualStudioVersion = 10.0.40219.1
Project("{FAE04EC0-301F-11D3-BF4B-00C04F79EFBC}") = "interfaceDemo121", "interfaceDemo121.csproj", "{86753803-1445-455B-BB9C-21674B021F59}"
EndProject
Global
	GlobalSection(SolutionConfigurationPlatforms) = preSolution
		Debug|Any CPU = Debug|Any CPU
		Release|Any CPU = Release|Any CPU
	EndGlobalSection
	GlobalSection(ProjectConfigurationPlatforms) = postSolution
		{86753803-1445-455B-BB9C-21674B021F59}.Debug|Any CPU.ActiveCfg = Debug|Any CPU
		{86753803-1445-455B-BB9C-21674B021F59}.Debug|Any CPU.Build.0 = Debug|Any CPU
		{86753803-1445-455B-BB9C-21674B021F59}.Release|Any CPU.ActiveCfg = Release|Any CPU
		{86753803-1445-455B-BB9C-21674B021F59}.Release|Any CPU.Build.0 = Release|Any CPU
	EndGlobalSection
	GlobalSection(SolutionProperties) = preSolution
		HideSolutionNode = FALSE
	EndGlobalSection
	GlobalSection(ExtensibilityGlobals) = postSolution
		SolutionGuid = {F9B3EDBF-0890-49FB-A16F-01C9D126A453}
	EndGlobalSection
EndGlobal
