
Microsoft Visual Studio Solution File, Format Version 12.00
# Visual Studio Version 17
VisualStudioVersion = 17.1.32319.34
MinimumVisualStudioVersion = 10.0.40219.1
Project("{FAE04EC0-301F-11D3-BF4B-00C04F79EFBC}") = "Hello_World", "Hello_World.csproj", "{DF3AF87F-8FBA-4466-8276-82C75A606884}"
EndProject
Global
	GlobalSection(SolutionConfigurationPlatforms) = preSolution
		Debug|Any CPU = Debug|Any CPU
		Release|Any CPU = Release|Any CPU
	EndGlobalSection
	GlobalSection(ProjectConfigurationPlatforms) = postSolution
		{DF3AF87F-8FBA-4466-8276-82C75A606884}.Debug|Any CPU.ActiveCfg = Debug|Any CPU
		{DF3AF87F-8FBA-4466-8276-82C75A606884}.Debug|Any CPU.Build.0 = Debug|Any CPU
		{DF3AF87F-8FBA-4466-8276-82C75A606884}.Release|Any CPU.ActiveCfg = Release|Any CPU
		{DF3AF87F-8FBA-4466-8276-82C75A606884}.Release|Any CPU.Build.0 = Release|Any CPU
	EndGlobalSection
	GlobalSection(SolutionProperties) = preSolution
		HideSolutionNode = FALSE
	EndGlobalSection
	GlobalSection(ExtensibilityGlobals) = postSolution
		SolutionGuid = {F8549188-3B5D-412F-A705-B15315EA8264}
	EndGlobalSection
EndGlobal
